
Microsoft Visual Studio Solution File, Format Version 12.00
# Visual Studio Version 16
VisualStudioVersion = 16.0.31402.337
MinimumVisualStudioVersion = 10.0.40219.1
Project("{9A19103F-16F7-4668-BE54-9A1E7A4F7556}") = "RockPaperScissorsMvc", "RockPaperScissorsMvc.csproj", "{D2DF6C01-1605-4B69-9E8B-2F9CFEF067A4}"
EndProject
Project("{FAE04EC0-301F-11D3-BF4B-00C04F79EFBC}") = "BusinessLayer", "..\BusinessLayer\BusinessLayer.csproj", "{9910F663-F8E3-41FF-A6BA-2E79E39B930E}"
EndProject
Project("{FAE04EC0-301F-11D3-BF4B-00C04F79EFBC}") = "RepositoryLayer", "..\RepositoryLayer\RepositoryLayer.csproj", "{6820C501-0337-45E5-817D-4F733CBD96A5}"
EndProject
Project("{FAE04EC0-301F-11D3-BF4B-00C04F79EFBC}") = "RpsGame.Tests", "..\RpsGame.Tests\RpsGame.Tests.csproj", "{A0210FCE-8097-44FF-AF2A-E1D3107D17E1}"
EndProject
Project("{FAE04EC0-301F-11D3-BF4B-00C04F79EFBC}") = "ModelsLibrary", "..\ModelsLibrary\ModelsLibrary.csproj", "{ABA81F63-336B-4B8B-81EC-844EA608753B}"
EndProject
Global
	GlobalSection(SolutionConfigurationPlatforms) = preSolution
		Debug|Any CPU = Debug|Any CPU
		Release|Any CPU = Release|Any CPU
	EndGlobalSection
	GlobalSection(ProjectConfigurationPlatforms) = postSolution
		{D2DF6C01-1605-4B69-9E8B-2F9CFEF067A4}.Debug|Any CPU.ActiveCfg = Debug|Any CPU
		{D2DF6C01-1605-4B69-9E8B-2F9CFEF067A4}.Debug|Any CPU.Build.0 = Debug|Any CPU
		{D2DF6C01-1605-4B69-9E8B-2F9CFEF067A4}.Release|Any CPU.ActiveCfg = Release|Any CPU
		{D2DF6C01-1605-4B69-9E8B-2F9CFEF067A4}.Release|Any CPU.Build.0 = Release|Any CPU
		{9910F663-F8E3-41FF-A6BA-2E79E39B930E}.Debug|Any CPU.ActiveCfg = Debug|Any CPU
		{9910F663-F8E3-41FF-A6BA-2E79E39B930E}.Debug|Any CPU.Build.0 = Debug|Any CPU
		{9910F663-F8E3-41FF-A6BA-2E79E39B930E}.Release|Any CPU.ActiveCfg = Release|Any CPU
		{9910F663-F8E3-41FF-A6BA-2E79E39B930E}.Release|Any CPU.Build.0 = Release|Any CPU
		{6820C501-0337-45E5-817D-4F733CBD96A5}.Debug|Any CPU.ActiveCfg = Debug|Any CPU
		{6820C501-0337-45E5-817D-4F733CBD96A5}.Debug|Any CPU.Build.0 = Debug|Any CPU
		{6820C501-0337-45E5-817D-4F733CBD96A5}.Release|Any CPU.ActiveCfg = Release|Any CPU
		{6820C501-0337-45E5-817D-4F733CBD96A5}.Release|Any CPU.Build.0 = Release|Any CPU
		{A0210FCE-8097-44FF-AF2A-E1D3107D17E1}.Debug|Any CPU.ActiveCfg = Debug|Any CPU
		{A0210FCE-8097-44FF-AF2A-E1D3107D17E1}.Debug|Any CPU.Build.0 = Debug|Any CPU
		{A0210FCE-8097-44FF-AF2A-E1D3107D17E1}.Release|Any CPU.ActiveCfg = Release|Any CPU
		{A0210FCE-8097-44FF-AF2A-E1D3107D17E1}.Release|Any CPU.Build.0 = Release|Any CPU
		{ABA81F63-336B-4B8B-81EC-844EA608753B}.Debug|Any CPU.ActiveCfg = Debug|Any CPU
		{ABA81F63-336B-4B8B-81EC-844EA608753B}.Debug|Any CPU.Build.0 = Debug|Any CPU
		{ABA81F63-336B-4B8B-81EC-844EA608753B}.Release|Any CPU.ActiveCfg = Release|Any CPU
		{ABA81F63-336B-4B8B-81EC-844EA608753B}.Release|Any CPU.Build.0 = Release|Any CPU
	EndGlobalSection
	GlobalSection(SolutionProperties) = preSolution
		HideSolutionNode = FALSE
	EndGlobalSection
	GlobalSection(ExtensibilityGlobals) = postSolution
		SolutionGuid = {A00575BD-FE7C-4142-AB9E-638AC074EAE5}
	EndGlobalSection
EndGlobal
