
Microsoft Visual Studio Solution File, Format Version 12.00
# Visual Studio Version 16
VisualStudioVersion = 16.0.31402.337
MinimumVisualStudioVersion = 10.0.40219.1
Project("{9A19103F-16F7-4668-BE54-9A1E7A4F7556}") = "RockPaperScissors1", "RockPaperScissors1.csproj", "{5F95542A-73BB-4302-AAD1-DF1F5ED8B3AE}"
EndProject
Project("{9A19103F-16F7-4668-BE54-9A1E7A4F7556}") = "RpsGame.Tests", "..\RpsGame.Tests\RpsGame.Tests.csproj", "{ED39D957-E02B-4EBE-AA15-A595C54CE7AD}"
EndProject
Project("{FAE04EC0-301F-11D3-BF4B-00C04F79EFBC}") = "RpsDbContext", "..\RpsDbContext\RpsDbContext.csproj", "{00E3A8C9-B619-4141-B31C-BE20F5C4C261}"
EndProject
Global
	GlobalSection(SolutionConfigurationPlatforms) = preSolution
		Debug|Any CPU = Debug|Any CPU
		Release|Any CPU = Release|Any CPU
	EndGlobalSection
	GlobalSection(ProjectConfigurationPlatforms) = postSolution
		{5F95542A-73BB-4302-AAD1-DF1F5ED8B3AE}.Debug|Any CPU.ActiveCfg = Debug|Any CPU
		{5F95542A-73BB-4302-AAD1-DF1F5ED8B3AE}.Debug|Any CPU.Build.0 = Debug|Any CPU
		{5F95542A-73BB-4302-AAD1-DF1F5ED8B3AE}.Release|Any CPU.ActiveCfg = Release|Any CPU
		{5F95542A-73BB-4302-AAD1-DF1F5ED8B3AE}.Release|Any CPU.Build.0 = Release|Any CPU
		{ED39D957-E02B-4EBE-AA15-A595C54CE7AD}.Debug|Any CPU.ActiveCfg = Debug|Any CPU
		{ED39D957-E02B-4EBE-AA15-A595C54CE7AD}.Debug|Any CPU.Build.0 = Debug|Any CPU
		{ED39D957-E02B-4EBE-AA15-A595C54CE7AD}.Release|Any CPU.ActiveCfg = Release|Any CPU
		{ED39D957-E02B-4EBE-AA15-A595C54CE7AD}.Release|Any CPU.Build.0 = Release|Any CPU
		{00E3A8C9-B619-4141-B31C-BE20F5C4C261}.Debug|Any CPU.ActiveCfg = Debug|Any CPU
		{00E3A8C9-B619-4141-B31C-BE20F5C4C261}.Debug|Any CPU.Build.0 = Debug|Any CPU
		{00E3A8C9-B619-4141-B31C-BE20F5C4C261}.Release|Any CPU.ActiveCfg = Release|Any CPU
		{00E3A8C9-B619-4141-B31C-BE20F5C4C261}.Release|Any CPU.Build.0 = Release|Any CPU
	EndGlobalSection
	GlobalSection(SolutionProperties) = preSolution
		HideSolutionNode = FALSE
	EndGlobalSection
	GlobalSection(ExtensibilityGlobals) = postSolution
		SolutionGuid = {75A4388D-1295-44A3-B54A-0082D69BA9EC}
	EndGlobalSection
EndGlobal
